
Microsoft Visual Studio Solution File, Format Version 11.00
# Visual Studio 2010
Project("{FAE04EC0-301F-11D3-BF4B-00C04F79EFBC}") = "PivotalTFSSync", "PivotalTFSSync.csproj", "{9EBAC6A6-B0BE-4F19-924B-FB06E380F798}"
EndProject
Project("{2150E333-8FDC-42A3-9474-1A3956D46DE8}") = "Solution Items", "Solution Items", "{34A9579B-366A-44C5-9603-7B68B64A99E0}"
EndProject
Project("{2150E333-8FDC-42A3-9474-1A3956D46DE8}") = "Proxies", "Proxies", "{16517D88-578B-4F55-A1DA-2D7C35F8AB23}"
EndProject
Project("{2150E333-8FDC-42A3-9474-1A3956D46DE8}") = "Pivotal", "Pivotal", "{52B6DAB3-19AB-4624-9A19-1FB8458EEFB5}"
EndProject
Project("{2150E333-8FDC-42A3-9474-1A3956D46DE8}") = "AgileZen", "AgileZen", "{7029514E-8F70-4841-86A9-63310D5966E9}"
EndProject
Project("{2150E333-8FDC-42A3-9474-1A3956D46DE8}") = "TFS2010", "TFS2010", "{D29F5853-D415-4A76-96EA-DCF2A5BC0D36}"
EndProject
Project("{FAE04EC0-301F-11D3-BF4B-00C04F79EFBC}") = "PIVOTAL_API", "PIVOTAL_API\PIVOTAL_API.csproj", "{2CC64D68-AC92-4025-AF7D-137243A713C4}"
EndProject
Project("{FAE04EC0-301F-11D3-BF4B-00C04F79EFBC}") = "TFS_API", "TFS_API\TFS_API.csproj", "{C4738F74-B66A-4F49-8654-24E9C0D4C1E9}"
EndProject
Project("{FAE04EC0-301F-11D3-BF4B-00C04F79EFBC}") = "PivotalTFS_GENERAL", "PivotalTFS_GENERAL\PivotalTFS_GENERAL.csproj", "{DB13E3AB-2DF0-41FA-AFEE-0F4ABE604AA1}"
EndProject
Global
	GlobalSection(SolutionConfigurationPlatforms) = preSolution
		Debug|Any CPU = Debug|Any CPU
		Debug|Mixed Platforms = Debug|Mixed Platforms
		Debug|x86 = Debug|x86
		Release|Any CPU = Release|Any CPU
		Release|Mixed Platforms = Release|Mixed Platforms
		Release|x86 = Release|x86
	EndGlobalSection
	GlobalSection(ProjectConfigurationPlatforms) = postSolution
		{9EBAC6A6-B0BE-4F19-924B-FB06E380F798}.Debug|Any CPU.ActiveCfg = Debug|Any CPU
		{9EBAC6A6-B0BE-4F19-924B-FB06E380F798}.Debug|Any CPU.Build.0 = Debug|Any CPU
		{9EBAC6A6-B0BE-4F19-924B-FB06E380F798}.Debug|Mixed Platforms.ActiveCfg = Debug|Any CPU
		{9EBAC6A6-B0BE-4F19-924B-FB06E380F798}.Debug|Mixed Platforms.Build.0 = Debug|Any CPU
		{9EBAC6A6-B0BE-4F19-924B-FB06E380F798}.Debug|x86.ActiveCfg = Debug|Any CPU
		{9EBAC6A6-B0BE-4F19-924B-FB06E380F798}.Release|Any CPU.ActiveCfg = Release|Any CPU
		{9EBAC6A6-B0BE-4F19-924B-FB06E380F798}.Release|Any CPU.Build.0 = Release|Any CPU
		{9EBAC6A6-B0BE-4F19-924B-FB06E380F798}.Release|Mixed Platforms.ActiveCfg = Release|Any CPU
		{9EBAC6A6-B0BE-4F19-924B-FB06E380F798}.Release|Mixed Platforms.Build.0 = Release|Any CPU
		{9EBAC6A6-B0BE-4F19-924B-FB06E380F798}.Release|x86.ActiveCfg = Release|Any CPU
		{2CC64D68-AC92-4025-AF7D-137243A713C4}.Debug|Any CPU.ActiveCfg = Debug|Any CPU
		{2CC64D68-AC92-4025-AF7D-137243A713C4}.Debug|Any CPU.Build.0 = Debug|Any CPU
		{2CC64D68-AC92-4025-AF7D-137243A713C4}.Debug|Mixed Platforms.ActiveCfg = Debug|Any CPU
		{2CC64D68-AC92-4025-AF7D-137243A713C4}.Debug|Mixed Platforms.Build.0 = Debug|Any CPU
		{2CC64D68-AC92-4025-AF7D-137243A713C4}.Debug|x86.ActiveCfg = Debug|Any CPU
		{2CC64D68-AC92-4025-AF7D-137243A713C4}.Release|Any CPU.ActiveCfg = Release|Any CPU
		{2CC64D68-AC92-4025-AF7D-137243A713C4}.Release|Any CPU.Build.0 = Release|Any CPU
		{2CC64D68-AC92-4025-AF7D-137243A713C4}.Release|Mixed Platforms.ActiveCfg = Release|Any CPU
		{2CC64D68-AC92-4025-AF7D-137243A713C4}.Release|Mixed Platforms.Build.0 = Release|Any CPU
		{2CC64D68-AC92-4025-AF7D-137243A713C4}.Release|x86.ActiveCfg = Release|Any CPU
		{C4738F74-B66A-4F49-8654-24E9C0D4C1E9}.Debug|Any CPU.ActiveCfg = Debug|Any CPU
		{C4738F74-B66A-4F49-8654-24E9C0D4C1E9}.Debug|Any CPU.Build.0 = Debug|Any CPU
		{C4738F74-B66A-4F49-8654-24E9C0D4C1E9}.Debug|Mixed Platforms.ActiveCfg = Debug|Any CPU
		{C4738F74-B66A-4F49-8654-24E9C0D4C1E9}.Debug|Mixed Platforms.Build.0 = Debug|Any CPU
		{C4738F74-B66A-4F49-8654-24E9C0D4C1E9}.Debug|x86.ActiveCfg = Debug|Any CPU
		{C4738F74-B66A-4F49-8654-24E9C0D4C1E9}.Release|Any CPU.ActiveCfg = Release|Any CPU
		{C4738F74-B66A-4F49-8654-24E9C0D4C1E9}.Release|Any CPU.Build.0 = Release|Any CPU
		{C4738F74-B66A-4F49-8654-24E9C0D4C1E9}.Release|Mixed Platforms.ActiveCfg = Release|Any CPU
		{C4738F74-B66A-4F49-8654-24E9C0D4C1E9}.Release|Mixed Platforms.Build.0 = Release|Any CPU
		{C4738F74-B66A-4F49-8654-24E9C0D4C1E9}.Release|x86.ActiveCfg = Release|Any CPU
		{DB13E3AB-2DF0-41FA-AFEE-0F4ABE604AA1}.Debug|Any CPU.ActiveCfg = Debug|Any CPU
		{DB13E3AB-2DF0-41FA-AFEE-0F4ABE604AA1}.Debug|Any CPU.Build.0 = Debug|Any CPU
		{DB13E3AB-2DF0-41FA-AFEE-0F4ABE604AA1}.Debug|Mixed Platforms.ActiveCfg = Debug|Any CPU
		{DB13E3AB-2DF0-41FA-AFEE-0F4ABE604AA1}.Debug|Mixed Platforms.Build.0 = Debug|Any CPU
		{DB13E3AB-2DF0-41FA-AFEE-0F4ABE604AA1}.Debug|x86.ActiveCfg = Debug|Any CPU
		{DB13E3AB-2DF0-41FA-AFEE-0F4ABE604AA1}.Release|Any CPU.ActiveCfg = Release|Any CPU
		{DB13E3AB-2DF0-41FA-AFEE-0F4ABE604AA1}.Release|Any CPU.Build.0 = Release|Any CPU
		{DB13E3AB-2DF0-41FA-AFEE-0F4ABE604AA1}.Release|Mixed Platforms.ActiveCfg = Release|Any CPU
		{DB13E3AB-2DF0-41FA-AFEE-0F4ABE604AA1}.Release|Mixed Platforms.Build.0 = Release|Any CPU
		{DB13E3AB-2DF0-41FA-AFEE-0F4ABE604AA1}.Release|x86.ActiveCfg = Release|Any CPU
	EndGlobalSection
	GlobalSection(SolutionProperties) = preSolution
		HideSolutionNode = FALSE
	EndGlobalSection
	GlobalSection(NestedProjects) = preSolution
		{52B6DAB3-19AB-4624-9A19-1FB8458EEFB5} = {16517D88-578B-4F55-A1DA-2D7C35F8AB23}
		{7029514E-8F70-4841-86A9-63310D5966E9} = {16517D88-578B-4F55-A1DA-2D7C35F8AB23}
		{D29F5853-D415-4A76-96EA-DCF2A5BC0D36} = {16517D88-578B-4F55-A1DA-2D7C35F8AB23}
	EndGlobalSection
EndGlobal
